
Microsoft Visual Studio Solution File, Format Version 12.00
# Visual Studio 15
VisualStudioVersion = 15.0.26124.0
MinimumVisualStudioVersion = 15.0.26124.0
Project("{FAE04EC0-301F-11D3-BF4B-00C04F79EFBC}") = "SmartGlass.Nano.Droid", "SmartGlass.Nano.Droid\SmartGlass.Nano.Droid.csproj", "{FD2233B4-A4B8-4A75-A409-EDAB733FA7EA}"
EndProject
Global
	GlobalSection(SolutionConfigurationPlatforms) = preSolution
		Debug|Any CPU = Debug|Any CPU
		Release|Any CPU = Release|Any CPU
	EndGlobalSection
	GlobalSection(SolutionProperties) = preSolution
		HideSolutionNode = FALSE
	EndGlobalSection
	GlobalSection(ProjectConfigurationPlatforms) = postSolution
		{FD2233B4-A4B8-4A75-A409-EDAB733FA7EA}.Debug|Any CPU.ActiveCfg = Debug|Any CPU
		{FD2233B4-A4B8-4A75-A409-EDAB733FA7EA}.Debug|Any CPU.Build.0 = Debug|Any CPU
		{FD2233B4-A4B8-4A75-A409-EDAB733FA7EA}.Debug|Any CPU.Deploy.0 = Debug|Any CPU
		{FD2233B4-A4B8-4A75-A409-EDAB733FA7EA}.Release|Any CPU.ActiveCfg = Release|Any CPU
		{FD2233B4-A4B8-4A75-A409-EDAB733FA7EA}.Release|Any CPU.Build.0 = Release|Any CPU
		{FD2233B4-A4B8-4A75-A409-EDAB733FA7EA}.Release|Any CPU.Deploy.0 = Release|Any CPU
	EndGlobalSection
EndGlobal
